// !$*UTF8*$!
{
	archiveVersion = 1;
	classes = {
	};
	objectVersion = 46;
	objects = {

/* Begin PBXBuildFile section */
		2A1CD7F71EEB794700EA5146 /* TestHorizontalNormalCollectionViewController.swift in Sources */ = {isa = PBXBuildFile; fileRef = 2A1CD7F61EEB794700EA5146 /* TestHorizontalNormalCollectionViewController.swift */; };
		2A1CD7F81EEB794700EA5146 /* TestHorizontalNormalCollectionViewController.swift in Sources */ = {isa = PBXBuildFile; fileRef = 2A1CD7F61EEB794700EA5146 /* TestHorizontalNormalCollectionViewController.swift */; };
		2A1CD7F91EEB794700EA5146 /* TestHorizontalNormalCollectionViewController.swift in Sources */ = {isa = PBXBuildFile; fileRef = 2A1CD7F61EEB794700EA5146 /* TestHorizontalNormalCollectionViewController.swift */; };
		2A1CD7FB1EEB866300EA5146 /* GIFAnimatedImageView.swift in Sources */ = {isa = PBXBuildFile; fileRef = 2A1CD7FA1EEB866300EA5146 /* GIFAnimatedImageView.swift */; };
		2A1CD7FC1EEB866300EA5146 /* GIFAnimatedImageView.swift in Sources */ = {isa = PBXBuildFile; fileRef = 2A1CD7FA1EEB866300EA5146 /* GIFAnimatedImageView.swift */; };
		2A1CD7FD1EEB866300EA5146 /* GIFAnimatedImageView.swift in Sources */ = {isa = PBXBuildFile; fileRef = 2A1CD7FA1EEB866300EA5146 /* GIFAnimatedImageView.swift */; };
		2A5A66961EE8EFEB00521D32 /* AppDelegate.swift in Sources */ = {isa = PBXBuildFile; fileRef = 2A5A66951EE8EFEB00521D32 /* AppDelegate.swift */; };
		2A5A66981EE8EFEB00521D32 /* ViewController.swift in Sources */ = {isa = PBXBuildFile; fileRef = 2A5A66971EE8EFEB00521D32 /* ViewController.swift */; };
		2A5A669B1EE8EFEB00521D32 /* Main.storyboard in Resources */ = {isa = PBXBuildFile; fileRef = 2A5A66991EE8EFEB00521D32 /* Main.storyboard */; };
		2A5A669D1EE8EFEB00521D32 /* Assets.xcassets in Resources */ = {isa = PBXBuildFile; fileRef = 2A5A669C1EE8EFEB00521D32 /* Assets.xcassets */; };
		2A5A66A01EE8EFEB00521D32 /* LaunchScreen.storyboard in Resources */ = {isa = PBXBuildFile; fileRef = 2A5A669E1EE8EFEB00521D32 /* LaunchScreen.storyboard */; };
		2A5A66AB1EE8EFEB00521D32 /* SYRefreshExampleTests.swift in Sources */ = {isa = PBXBuildFile; fileRef = 2A5A66AA1EE8EFEB00521D32 /* SYRefreshExampleTests.swift */; };
		2A5A66B61EE8EFEB00521D32 /* SYRefreshExampleUITests.swift in Sources */ = {isa = PBXBuildFile; fileRef = 2A5A66B51EE8EFEB00521D32 /* SYRefreshExampleUITests.swift */; };
		2A5A66C51EE8F26E00521D32 /* RefreshView.swift in Sources */ = {isa = PBXBuildFile; fileRef = 2A5A66C41EE8F26E00521D32 /* RefreshView.swift */; };
		2A5A66C61EE8F26E00521D32 /* RefreshView.swift in Sources */ = {isa = PBXBuildFile; fileRef = 2A5A66C41EE8F26E00521D32 /* RefreshView.swift */; };
		2A5A66C71EE8F26E00521D32 /* RefreshView.swift in Sources */ = {isa = PBXBuildFile; fileRef = 2A5A66C41EE8F26E00521D32 /* RefreshView.swift */; };
		2A5A66C91EE8F98500521D32 /* UIScrollViewExtention.swift in Sources */ = {isa = PBXBuildFile; fileRef = 2A5A66C81EE8F98500521D32 /* UIScrollViewExtention.swift */; };
		2A5A66CA1EE8F98500521D32 /* UIScrollViewExtention.swift in Sources */ = {isa = PBXBuildFile; fileRef = 2A5A66C81EE8F98500521D32 /* UIScrollViewExtention.swift */; };
		2A5A66CB1EE8F98500521D32 /* UIScrollViewExtention.swift in Sources */ = {isa = PBXBuildFile; fileRef = 2A5A66C81EE8F98500521D32 /* UIScrollViewExtention.swift */; };
		2A684FD01EE942AB00E14989 /* RefreshTextHeaderFooter.swift in Sources */ = {isa = PBXBuildFile; fileRef = 2A684FCF1EE942AB00E14989 /* RefreshTextHeaderFooter.swift */; };
		2A684FD11EE942AB00E14989 /* RefreshTextHeaderFooter.swift in Sources */ = {isa = PBXBuildFile; fileRef = 2A684FCF1EE942AB00E14989 /* RefreshTextHeaderFooter.swift */; };
		2A684FD21EE942AB00E14989 /* RefreshTextHeaderFooter.swift in Sources */ = {isa = PBXBuildFile; fileRef = 2A684FCF1EE942AB00E14989 /* RefreshTextHeaderFooter.swift */; };
		2A684FD41EE94AFF00E14989 /* TestTableViewController.swift in Sources */ = {isa = PBXBuildFile; fileRef = 2A684FD31EE94AFF00E14989 /* TestTableViewController.swift */; };
		2A684FD51EE94AFF00E14989 /* TestTableViewController.swift in Sources */ = {isa = PBXBuildFile; fileRef = 2A684FD31EE94AFF00E14989 /* TestTableViewController.swift */; };
		2A684FD61EE94AFF00E14989 /* TestTableViewController.swift in Sources */ = {isa = PBXBuildFile; fileRef = 2A684FD31EE94AFF00E14989 /* TestTableViewController.swift */; };
		2A684FD81EE94B8300E14989 /* AccessoryView.swift in Sources */ = {isa = PBXBuildFile; fileRef = 2A684FD71EE94B8300E14989 /* AccessoryView.swift */; };
		2A684FD91EE94B8300E14989 /* AccessoryView.swift in Sources */ = {isa = PBXBuildFile; fileRef = 2A684FD71EE94B8300E14989 /* AccessoryView.swift */; };
		2A684FDA1EE94B8300E14989 /* AccessoryView.swift in Sources */ = {isa = PBXBuildFile; fileRef = 2A684FD71EE94B8300E14989 /* AccessoryView.swift */; };
		2A684FE01EEA413200E14989 /* RefreshViewGifHeaderFooter.swift in Sources */ = {isa = PBXBuildFile; fileRef = 2A684FDF1EEA413200E14989 /* RefreshViewGifHeaderFooter.swift */; };
		2A684FE11EEA413200E14989 /* RefreshViewGifHeaderFooter.swift in Sources */ = {isa = PBXBuildFile; fileRef = 2A684FDF1EEA413200E14989 /* RefreshViewGifHeaderFooter.swift */; };
		2A684FE21EEA413200E14989 /* RefreshViewGifHeaderFooter.swift in Sources */ = {isa = PBXBuildFile; fileRef = 2A684FDF1EEA413200E14989 /* RefreshViewGifHeaderFooter.swift */; };
		2A684FE41EEA69F500E14989 /* TestVerticalGifTableViewController.swift in Sources */ = {isa = PBXBuildFile; fileRef = 2A684FE31EEA69F500E14989 /* TestVerticalGifTableViewController.swift */; };
		2A684FE51EEA69F500E14989 /* TestVerticalGifTableViewController.swift in Sources */ = {isa = PBXBuildFile; fileRef = 2A684FE31EEA69F500E14989 /* TestVerticalGifTableViewController.swift */; };
		2A684FE61EEA69F500E14989 /* TestVerticalGifTableViewController.swift in Sources */ = {isa = PBXBuildFile; fileRef = 2A684FE31EEA69F500E14989 /* TestVerticalGifTableViewController.swift */; };
		2A684FE81EEA6AA800E14989 /* giphy.gif in Resources */ = {isa = PBXBuildFile; fileRef = 2A684FE71EEA6AA800E14989 /* giphy.gif */; };
		2A684FE91EEA6AA800E14989 /* giphy.gif in Resources */ = {isa = PBXBuildFile; fileRef = 2A684FE71EEA6AA800E14989 /* giphy.gif */; };
		2A684FEA1EEA6AA800E14989 /* giphy.gif in Resources */ = {isa = PBXBuildFile; fileRef = 2A684FE71EEA6AA800E14989 /* giphy.gif */; };
		2A684FEC1EEA821C00E14989 /* TestVerticalCollectionViewController.swift in Sources */ = {isa = PBXBuildFile; fileRef = 2A684FEB1EEA821C00E14989 /* TestVerticalCollectionViewController.swift */; };
		2A684FED1EEA821C00E14989 /* TestVerticalCollectionViewController.swift in Sources */ = {isa = PBXBuildFile; fileRef = 2A684FEB1EEA821C00E14989 /* TestVerticalCollectionViewController.swift */; };
		2A684FEE1EEA821C00E14989 /* TestVerticalCollectionViewController.swift in Sources */ = {isa = PBXBuildFile; fileRef = 2A684FEB1EEA821C00E14989 /* TestVerticalCollectionViewController.swift */; };
		2A684FF01EEA8C4A00E14989 /* TestHorizontalCollectionViewController.swift in Sources */ = {isa = PBXBuildFile; fileRef = 2A684FEF1EEA8C4A00E14989 /* TestHorizontalCollectionViewController.swift */; };
		2A684FF11EEA8C4A00E14989 /* TestHorizontalCollectionViewController.swift in Sources */ = {isa = PBXBuildFile; fileRef = 2A684FEF1EEA8C4A00E14989 /* TestHorizontalCollectionViewController.swift */; };
		2A684FF21EEA8C4A00E14989 /* TestHorizontalCollectionViewController.swift in Sources */ = {isa = PBXBuildFile; fileRef = 2A684FEF1EEA8C4A00E14989 /* TestHorizontalCollectionViewController.swift */; };
		2A684FF51EEA9B3400E14989 /* demo-big.gif in Resources */ = {isa = PBXBuildFile; fileRef = 2A684FF31EEA9B3400E14989 /* demo-big.gif */; };
		2A684FF61EEA9B3400E14989 /* demo-big.gif in Resources */ = {isa = PBXBuildFile; fileRef = 2A684FF31EEA9B3400E14989 /* demo-big.gif */; };
		2A684FF71EEA9B3400E14989 /* demo-big.gif in Resources */ = {isa = PBXBuildFile; fileRef = 2A684FF31EEA9B3400E14989 /* demo-big.gif */; };
		2A684FF81EEA9B3400E14989 /* demo-small.gif in Resources */ = {isa = PBXBuildFile; fileRef = 2A684FF41EEA9B3400E14989 /* demo-small.gif */; };
		2A684FF91EEA9B3400E14989 /* demo-small.gif in Resources */ = {isa = PBXBuildFile; fileRef = 2A684FF41EEA9B3400E14989 /* demo-small.gif */; };
		2A684FFA1EEA9B3400E14989 /* demo-small.gif in Resources */ = {isa = PBXBuildFile; fileRef = 2A684FF41EEA9B3400E14989 /* demo-small.gif */; };
		2A684FFC1EEAA05400E14989 /* RefreshViewGifTextHeaderFooter.swift in Sources */ = {isa = PBXBuildFile; fileRef = 2A684FFB1EEAA05400E14989 /* RefreshViewGifTextHeaderFooter.swift */; };
		2A684FFD1EEAA05400E14989 /* RefreshViewGifTextHeaderFooter.swift in Sources */ = {isa = PBXBuildFile; fileRef = 2A684FFB1EEAA05400E14989 /* RefreshViewGifTextHeaderFooter.swift */; };
		2A684FFE1EEAA05400E14989 /* RefreshViewGifTextHeaderFooter.swift in Sources */ = {isa = PBXBuildFile; fileRef = 2A684FFB1EEAA05400E14989 /* RefreshViewGifTextHeaderFooter.swift */; };
		2A6850001EEAA29C00E14989 /* TestHorizontalGifCollectionViewController.swift in Sources */ = {isa = PBXBuildFile; fileRef = 2A684FFF1EEAA29C00E14989 /* TestHorizontalGifCollectionViewController.swift */; };
		2A6850011EEAA29C00E14989 /* TestHorizontalGifCollectionViewController.swift in Sources */ = {isa = PBXBuildFile; fileRef = 2A684FFF1EEAA29C00E14989 /* TestHorizontalGifCollectionViewController.swift */; };
		2A6850021EEAA29C00E14989 /* TestHorizontalGifCollectionViewController.swift in Sources */ = {isa = PBXBuildFile; fileRef = 2A684FFF1EEAA29C00E14989 /* TestHorizontalGifCollectionViewController.swift */; };
		2A6850041EEAA2AF00E14989 /* TestVerticalGifCollectionViewController.swift in Sources */ = {isa = PBXBuildFile; fileRef = 2A6850031EEAA2AF00E14989 /* TestVerticalGifCollectionViewController.swift */; };
		2A6850051EEAA2AF00E14989 /* TestVerticalGifCollectionViewController.swift in Sources */ = {isa = PBXBuildFile; fileRef = 2A6850031EEAA2AF00E14989 /* TestVerticalGifCollectionViewController.swift */; };
		2A6850061EEAA2AF00E14989 /* TestVerticalGifCollectionViewController.swift in Sources */ = {isa = PBXBuildFile; fileRef = 2A6850031EEAA2AF00E14989 /* TestVerticalGifCollectionViewController.swift */; };
/* End PBXBuildFile section */

/* Begin PBXContainerItemProxy section */
		2A5A66A71EE8EFEB00521D32 /* PBXContainerItemProxy */ = {
			isa = PBXContainerItemProxy;
			containerPortal = 2A5A668A1EE8EFEB00521D32 /* Project object */;
			proxyType = 1;
			remoteGlobalIDString = 2A5A66911EE8EFEB00521D32;
			remoteInfo = SYRefreshExample;
		};
		2A5A66B21EE8EFEB00521D32 /* PBXContainerItemProxy */ = {
			isa = PBXContainerItemProxy;
			containerPortal = 2A5A668A1EE8EFEB00521D32 /* Project object */;
			proxyType = 1;
			remoteGlobalIDString = 2A5A66911EE8EFEB00521D32;
			remoteInfo = SYRefreshExample;
		};
/* End PBXContainerItemProxy section */

/* Begin PBXFileReference section */
		2A1CD7F61EEB794700EA5146 /* TestHorizontalNormalCollectionViewController.swift */ = {isa = PBXFileReference; fileEncoding = 4; lastKnownFileType = sourcecode.swift; path = TestHorizontalNormalCollectionViewController.swift; sourceTree = "<group>"; };
		2A1CD7FA1EEB866300EA5146 /* GIFAnimatedImageView.swift */ = {isa = PBXFileReference; fileEncoding = 4; lastKnownFileType = sourcecode.swift; path = GIFAnimatedImageView.swift; sourceTree = "<group>"; };
		2A5A66921EE8EFEB00521D32 /* SYRefreshExampleforSwift.app */ = {isa = PBXFileReference; explicitFileType = wrapper.application; includeInIndex = 0; path = SYRefreshExampleforSwift.app; sourceTree = BUILT_PRODUCTS_DIR; };
		2A5A66951EE8EFEB00521D32 /* AppDelegate.swift */ = {isa = PBXFileReference; lastKnownFileType = sourcecode.swift; path = AppDelegate.swift; sourceTree = "<group>"; };
		2A5A66971EE8EFEB00521D32 /* ViewController.swift */ = {isa = PBXFileReference; lastKnownFileType = sourcecode.swift; path = ViewController.swift; sourceTree = "<group>"; };
		2A5A669A1EE8EFEB00521D32 /* Base */ = {isa = PBXFileReference; lastKnownFileType = file.storyboard; name = Base; path = Base.lproj/Main.storyboard; sourceTree = "<group>"; };
		2A5A669C1EE8EFEB00521D32 /* Assets.xcassets */ = {isa = PBXFileReference; lastKnownFileType = folder.assetcatalog; path = Assets.xcassets; sourceTree = "<group>"; };
		2A5A669F1EE8EFEB00521D32 /* Base */ = {isa = PBXFileReference; lastKnownFileType = file.storyboard; name = Base; path = Base.lproj/LaunchScreen.storyboard; sourceTree = "<group>"; };
		2A5A66A11EE8EFEB00521D32 /* Info.plist */ = {isa = PBXFileReference; lastKnownFileType = text.plist.xml; path = Info.plist; sourceTree = "<group>"; };
		2A5A66A61EE8EFEB00521D32 /* SYRefreshExampleforSwiftTests.xctest */ = {isa = PBXFileReference; explicitFileType = wrapper.cfbundle; includeInIndex = 0; path = SYRefreshExampleforSwiftTests.xctest; sourceTree = BUILT_PRODUCTS_DIR; };
		2A5A66AA1EE8EFEB00521D32 /* SYRefreshExampleTests.swift */ = {isa = PBXFileReference; lastKnownFileType = sourcecode.swift; path = SYRefreshExampleTests.swift; sourceTree = "<group>"; };
		2A5A66AC1EE8EFEB00521D32 /* Info.plist */ = {isa = PBXFileReference; lastKnownFileType = text.plist.xml; path = Info.plist; sourceTree = "<group>"; };
		2A5A66B11EE8EFEB00521D32 /* SYRefreshExampleforSwiftUITests.xctest */ = {isa = PBXFileReference; explicitFileType = wrapper.cfbundle; includeInIndex = 0; path = SYRefreshExampleforSwiftUITests.xctest; sourceTree = BUILT_PRODUCTS_DIR; };
		2A5A66B51EE8EFEB00521D32 /* SYRefreshExampleUITests.swift */ = {isa = PBXFileReference; lastKnownFileType = sourcecode.swift; path = SYRefreshExampleUITests.swift; sourceTree = "<group>"; };
		2A5A66B71EE8EFEB00521D32 /* Info.plist */ = {isa = PBXFileReference; lastKnownFileType = text.plist.xml; path = Info.plist; sourceTree = "<group>"; };
		2A5A66C41EE8F26E00521D32 /* RefreshView.swift */ = {isa = PBXFileReference; fileEncoding = 4; lastKnownFileType = sourcecode.swift; path = RefreshView.swift; sourceTree = "<group>"; };
		2A5A66C81EE8F98500521D32 /* UIScrollViewExtention.swift */ = {isa = PBXFileReference; fileEncoding = 4; lastKnownFileType = sourcecode.swift; path = UIScrollViewExtention.swift; sourceTree = "<group>"; };
		2A684FCF1EE942AB00E14989 /* RefreshTextHeaderFooter.swift */ = {isa = PBXFileReference; fileEncoding = 4; lastKnownFileType = sourcecode.swift; path = RefreshTextHeaderFooter.swift; sourceTree = "<group>"; };
		2A684FD31EE94AFF00E14989 /* TestTableViewController.swift */ = {isa = PBXFileReference; fileEncoding = 4; lastKnownFileType = sourcecode.swift; path = TestTableViewController.swift; sourceTree = "<group>"; };
		2A684FD71EE94B8300E14989 /* AccessoryView.swift */ = {isa = PBXFileReference; fileEncoding = 4; lastKnownFileType = sourcecode.swift; path = AccessoryView.swift; sourceTree = "<group>"; };
		2A684FDF1EEA413200E14989 /* RefreshViewGifHeaderFooter.swift */ = {isa = PBXFileReference; fileEncoding = 4; lastKnownFileType = sourcecode.swift; path = RefreshViewGifHeaderFooter.swift; sourceTree = "<group>"; };
		2A684FE31EEA69F500E14989 /* TestVerticalGifTableViewController.swift */ = {isa = PBXFileReference; fileEncoding = 4; lastKnownFileType = sourcecode.swift; path = TestVerticalGifTableViewController.swift; sourceTree = "<group>"; };
		2A684FE71EEA6AA800E14989 /* giphy.gif */ = {isa = PBXFileReference; lastKnownFileType = image.gif; path = giphy.gif; sourceTree = "<group>"; };
		2A684FEB1EEA821C00E14989 /* TestVerticalCollectionViewController.swift */ = {isa = PBXFileReference; fileEncoding = 4; lastKnownFileType = sourcecode.swift; path = TestVerticalCollectionViewController.swift; sourceTree = "<group>"; };
		2A684FEF1EEA8C4A00E14989 /* TestHorizontalCollectionViewController.swift */ = {isa = PBXFileReference; fileEncoding = 4; lastKnownFileType = sourcecode.swift; path = TestHorizontalCollectionViewController.swift; sourceTree = "<group>"; };
		2A684FF31EEA9B3400E14989 /* demo-big.gif */ = {isa = PBXFileReference; lastKnownFileType = image.gif; path = "demo-big.gif"; sourceTree = "<group>"; };
		2A684FF41EEA9B3400E14989 /* demo-small.gif */ = {isa = PBXFileReference; lastKnownFileType = image.gif; path = "demo-small.gif"; sourceTree = "<group>"; };
		2A684FFB1EEAA05400E14989 /* RefreshViewGifTextHeaderFooter.swift */ = {isa = PBXFileReference; fileEncoding = 4; lastKnownFileType = sourcecode.swift; path = RefreshViewGifTextHeaderFooter.swift; sourceTree = "<group>"; };
		2A684FFF1EEAA29C00E14989 /* TestHorizontalGifCollectionViewController.swift */ = {isa = PBXFileReference; fileEncoding = 4; lastKnownFileType = sourcecode.swift; path = TestHorizontalGifCollectionViewController.swift; sourceTree = "<group>"; };
		2A6850031EEAA2AF00E14989 /* TestVerticalGifCollectionViewController.swift */ = {isa = PBXFileReference; fileEncoding = 4; lastKnownFileType = sourcecode.swift; path = TestVerticalGifCollectionViewController.swift; sourceTree = "<group>"; };
/* End PBXFileReference section */

/* Begin PBXFrameworksBuildPhase section */
		2A5A668F1EE8EFEB00521D32 /* Frameworks */ = {
			isa = PBXFrameworksBuildPhase;
			buildActionMask = 2147483647;
			files = (
			);
			runOnlyForDeploymentPostprocessing = 0;
		};
		2A5A66A31EE8EFEB00521D32 /* Frameworks */ = {
			isa = PBXFrameworksBuildPhase;
			buildActionMask = 2147483647;
			files = (
			);
			runOnlyForDeploymentPostprocessing = 0;
		};
		2A5A66AE1EE8EFEB00521D32 /* Frameworks */ = {
			isa = PBXFrameworksBuildPhase;
			buildActionMask = 2147483647;
			files = (
			);
			runOnlyForDeploymentPostprocessing = 0;
		};
/* End PBXFrameworksBuildPhase section */

/* Begin PBXGroup section */
		2A5A66891EE8EFEB00521D32 = {
			isa = PBXGroup;
			children = (
				2A5A66C31EE8F00900521D32 /* SYRefresh */,
				2A5A66941EE8EFEB00521D32 /* SYRefreshExample */,
				2A5A66A91EE8EFEB00521D32 /* SYRefreshExampleTests */,
				2A5A66B41EE8EFEB00521D32 /* SYRefreshExampleUITests */,
				2A5A66931EE8EFEB00521D32 /* Products */,
			);
			sourceTree = "<group>";
		};
		2A5A66931EE8EFEB00521D32 /* Products */ = {
			isa = PBXGroup;
			children = (
				2A5A66921EE8EFEB00521D32 /* SYRefreshExampleforSwift.app */,
				2A5A66A61EE8EFEB00521D32 /* SYRefreshExampleforSwiftTests.xctest */,
				2A5A66B11EE8EFEB00521D32 /* SYRefreshExampleforSwiftUITests.xctest */,
			);
			name = Products;
			sourceTree = "<group>";
		};
		2A5A66941EE8EFEB00521D32 /* SYRefreshExample */ = {
			isa = PBXGroup;
			children = (
				2A684FF31EEA9B3400E14989 /* demo-big.gif */,
				2A684FF41EEA9B3400E14989 /* demo-small.gif */,
				2A684FE71EEA6AA800E14989 /* giphy.gif */,
				2A5A66951EE8EFEB00521D32 /* AppDelegate.swift */,
				2A5A66971EE8EFEB00521D32 /* ViewController.swift */,
				2A684FD31EE94AFF00E14989 /* TestTableViewController.swift */,
				2A684FE31EEA69F500E14989 /* TestVerticalGifTableViewController.swift */,
				2A684FEB1EEA821C00E14989 /* TestVerticalCollectionViewController.swift */,
				2A684FEF1EEA8C4A00E14989 /* TestHorizontalCollectionViewController.swift */,
				2A6850031EEAA2AF00E14989 /* TestVerticalGifCollectionViewController.swift */,
				2A684FFF1EEAA29C00E14989 /* TestHorizontalGifCollectionViewController.swift */,
				2A1CD7F61EEB794700EA5146 /* TestHorizontalNormalCollectionViewController.swift */,
				2A5A66991EE8EFEB00521D32 /* Main.storyboard */,
				2A5A669C1EE8EFEB00521D32 /* Assets.xcassets */,
				2A5A669E1EE8EFEB00521D32 /* LaunchScreen.storyboard */,
				2A5A66A11EE8EFEB00521D32 /* Info.plist */,
			);
			path = SYRefreshExample;
			sourceTree = "<group>";
		};
		2A5A66A91EE8EFEB00521D32 /* SYRefreshExampleTests */ = {
			isa = PBXGroup;
			children = (
				2A5A66AA1EE8EFEB00521D32 /* SYRefreshExampleTests.swift */,
				2A5A66AC1EE8EFEB00521D32 /* Info.plist */,
			);
			path = SYRefreshExampleTests;
			sourceTree = "<group>";
		};
		2A5A66B41EE8EFEB00521D32 /* SYRefreshExampleUITests */ = {
			isa = PBXGroup;
			children = (
				2A5A66B51EE8EFEB00521D32 /* SYRefreshExampleUITests.swift */,
				2A5A66B71EE8EFEB00521D32 /* Info.plist */,
			);
			path = SYRefreshExampleUITests;
			sourceTree = "<group>";
		};
		2A5A66C31EE8F00900521D32 /* SYRefresh */ = {
			isa = PBXGroup;
			children = (
				2A5A66C41EE8F26E00521D32 /* RefreshView.swift */,
				2A1CD7FA1EEB866300EA5146 /* GIFAnimatedImageView.swift */,
				2A684FCF1EE942AB00E14989 /* RefreshTextHeaderFooter.swift */,
				2A684FDF1EEA413200E14989 /* RefreshViewGifHeaderFooter.swift */,
				2A684FFB1EEAA05400E14989 /* RefreshViewGifTextHeaderFooter.swift */,
				2A5A66C81EE8F98500521D32 /* UIScrollViewExtention.swift */,
				2A684FD71EE94B8300E14989 /* AccessoryView.swift */,
			);
			path = SYRefresh;
			sourceTree = "<group>";
		};
/* End PBXGroup section */

/* Begin PBXNativeTarget section */
		2A5A66911EE8EFEB00521D32 /* SYRefreshExampleforSwift */ = {
			isa = PBXNativeTarget;
			buildConfigurationList = 2A5A66BA1EE8EFEB00521D32 /* Build configuration list for PBXNativeTarget "SYRefreshExampleforSwift" */;
			buildPhases = (
				2A5A668E1EE8EFEB00521D32 /* Sources */,
				2A5A668F1EE8EFEB00521D32 /* Frameworks */,
				2A5A66901EE8EFEB00521D32 /* Resources */,
			);
			buildRules = (
			);
			dependencies = (
			);
			name = SYRefreshExampleforSwift;
			productName = SYRefreshExample;
			productReference = 2A5A66921EE8EFEB00521D32 /* SYRefreshExampleforSwift.app */;
			productType = "com.apple.product-type.application";
		};
		2A5A66A51EE8EFEB00521D32 /* SYRefreshExampleforSwiftTests */ = {
			isa = PBXNativeTarget;
			buildConfigurationList = 2A5A66BD1EE8EFEB00521D32 /* Build configuration list for PBXNativeTarget "SYRefreshExampleforSwiftTests" */;
			buildPhases = (
				2A5A66A21EE8EFEB00521D32 /* Sources */,
				2A5A66A31EE8EFEB00521D32 /* Frameworks */,
				2A5A66A41EE8EFEB00521D32 /* Resources */,
			);
			buildRules = (
			);
			dependencies = (
				2A5A66A81EE8EFEB00521D32 /* PBXTargetDependency */,
			);
			name = SYRefreshExampleforSwiftTests;
			productName = SYRefreshExampleTests;
			productReference = 2A5A66A61EE8EFEB00521D32 /* SYRefreshExampleforSwiftTests.xctest */;
			productType = "com.apple.product-type.bundle.unit-test";
		};
		2A5A66B01EE8EFEB00521D32 /* SYRefreshExampleforSwiftUITests */ = {
			isa = PBXNativeTarget;
			buildConfigurationList = 2A5A66C01EE8EFEB00521D32 /* Build configuration list for PBXNativeTarget "SYRefreshExampleforSwiftUITests" */;
			buildPhases = (
				2A5A66AD1EE8EFEB00521D32 /* Sources */,
				2A5A66AE1EE8EFEB00521D32 /* Frameworks */,
				2A5A66AF1EE8EFEB00521D32 /* Resources */,
			);
			buildRules = (
			);
			dependencies = (
				2A5A66B31EE8EFEB00521D32 /* PBXTargetDependency */,
			);
			name = SYRefreshExampleforSwiftUITests;
			productName = SYRefreshExampleUITests;
			productReference = 2A5A66B11EE8EFEB00521D32 /* SYRefreshExampleforSwiftUITests.xctest */;
			productType = "com.apple.product-type.bundle.ui-testing";
		};
/* End PBXNativeTarget section */

/* Begin PBXProject section */
		2A5A668A1EE8EFEB00521D32 /* Project object */ = {
			isa = PBXProject;
			attributes = {
				LastSwiftUpdateCheck = 0830;
				LastUpgradeCheck = 0830;
				ORGANIZATIONNAME = SYRefresh;
				TargetAttributes = {
					2A5A66911EE8EFEB00521D32 = {
						CreatedOnToolsVersion = 8.3.2;
						DevelopmentTeam = Y7EL5FPP73;
						ProvisioningStyle = Automatic;
					};
					2A5A66A51EE8EFEB00521D32 = {
						CreatedOnToolsVersion = 8.3.2;
						DevelopmentTeam = Y7EL5FPP73;
						ProvisioningStyle = Automatic;
						TestTargetID = 2A5A66911EE8EFEB00521D32;
					};
					2A5A66B01EE8EFEB00521D32 = {
						CreatedOnToolsVersion = 8.3.2;
						DevelopmentTeam = Y7EL5FPP73;
						ProvisioningStyle = Automatic;
						TestTargetID = 2A5A66911EE8EFEB00521D32;
					};
				};
			};
			buildConfigurationList = 2A5A668D1EE8EFEB00521D32 /* Build configuration list for PBXProject "SYRefreshExampleforSwift" */;
			compatibilityVersion = "Xcode 3.2";
			developmentRegion = English;
			hasScannedForEncodings = 0;
			knownRegions = (
				en,
				Base,
			);
			mainGroup = 2A5A66891EE8EFEB00521D32;
			productRefGroup = 2A5A66931EE8EFEB00521D32 /* Products */;
			projectDirPath = "";
			projectRoot = "";
			targets = (
				2A5A66911EE8EFEB00521D32 /* SYRefreshExampleforSwift */,
				2A5A66A51EE8EFEB00521D32 /* SYRefreshExampleforSwiftTests */,
				2A5A66B01EE8EFEB00521D32 /* SYRefreshExampleforSwiftUITests */,
			);
		};
/* End PBXProject section */

/* Begin PBXResourcesBuildPhase section */
		2A5A66901EE8EFEB00521D32 /* Resources */ = {
			isa = PBXResourcesBuildPhase;
			buildActionMask = 2147483647;
			files = (
				2A5A66A01EE8EFEB00521D32 /* LaunchScreen.storyboard in Resources */,
				2A5A669D1EE8EFEB00521D32 /* Assets.xcassets in Resources */,
				2A684FE81EEA6AA800E14989 /* giphy.gif in Resources */,
				2A684FF81EEA9B3400E14989 /* demo-small.gif in Resources */,
				2A5A669B1EE8EFEB00521D32 /* Main.storyboard in Resources */,
				2A684FF51EEA9B3400E14989 /* demo-big.gif in Resources */,
			);
			runOnlyForDeploymentPostprocessing = 0;
		};
		2A5A66A41EE8EFEB00521D32 /* Resources */ = {
			isa = PBXResourcesBuildPhase;
			buildActionMask = 2147483647;
			files = (
				2A684FF91EEA9B3400E14989 /* demo-small.gif in Resources */,
				2A684FF61EEA9B3400E14989 /* demo-big.gif in Resources */,
				2A684FE91EEA6AA800E14989 /* giphy.gif in Resources */,
			);
			runOnlyForDeploymentPostprocessing = 0;
		};
		2A5A66AF1EE8EFEB00521D32 /* Resources */ = {
			isa = PBXResourcesBuildPhase;
			buildActionMask = 2147483647;
			files = (
				2A684FFA1EEA9B3400E14989 /* demo-small.gif in Resources */,
				2A684FF71EEA9B3400E14989 /* demo-big.gif in Resources */,
				2A684FEA1EEA6AA800E14989 /* giphy.gif in Resources */,
			);
			runOnlyForDeploymentPostprocessing = 0;
		};
/* End PBXResourcesBuildPhase section */

/* Begin PBXSourcesBuildPhase section */
		2A5A668E1EE8EFEB00521D32 /* Sources */ = {
			isa = PBXSourcesBuildPhase;
			buildActionMask = 2147483647;
			files = (
				2A684FFC1EEAA05400E14989 /* RefreshViewGifTextHeaderFooter.swift in Sources */,
				2A684FD01EE942AB00E14989 /* RefreshTextHeaderFooter.swift in Sources */,
				2A5A66981EE8EFEB00521D32 /* ViewController.swift in Sources */,
				2A6850001EEAA29C00E14989 /* TestHorizontalGifCollectionViewController.swift in Sources */,
				2A5A66C91EE8F98500521D32 /* UIScrollViewExtention.swift in Sources */,
				2A1CD7F71EEB794700EA5146 /* TestHorizontalNormalCollectionViewController.swift in Sources */,
				2A684FD81EE94B8300E14989 /* AccessoryView.swift in Sources */,
				2A684FE41EEA69F500E14989 /* TestVerticalGifTableViewController.swift in Sources */,
				2A684FE01EEA413200E14989 /* RefreshViewGifHeaderFooter.swift in Sources */,
				2A5A66C51EE8F26E00521D32 /* RefreshView.swift in Sources */,
				2A5A66961EE8EFEB00521D32 /* AppDelegate.swift in Sources */,
				2A684FEC1EEA821C00E14989 /* TestVerticalCollectionViewController.swift in Sources */,
				2A1CD7FB1EEB866300EA5146 /* GIFAnimatedImageView.swift in Sources */,
				2A6850041EEAA2AF00E14989 /* TestVerticalGifCollectionViewController.swift in Sources */,
				2A684FF01EEA8C4A00E14989 /* TestHorizontalCollectionViewController.swift in Sources */,
				2A684FD41EE94AFF00E14989 /* TestTableViewController.swift in Sources */,
			);
			runOnlyForDeploymentPostprocessing = 0;
		};
		2A5A66A21EE8EFEB00521D32 /* Sources */ = {
			isa = PBXSourcesBuildPhase;
			buildActionMask = 2147483647;
			files = (
				2A5A66CA1EE8F98500521D32 /* UIScrollViewExtention.swift in Sources */,
				2A6850011EEAA29C00E14989 /* TestHorizontalGifCollectionViewController.swift in Sources */,
				2A684FE51EEA69F500E14989 /* TestVerticalGifTableViewController.swift in Sources */,
				2A1CD7F81EEB794700EA5146 /* TestHorizontalNormalCollectionViewController.swift in Sources */,
				2A1CD7FC1EEB866300EA5146 /* GIFAnimatedImageView.swift in Sources */,
				2A5A66C61EE8F26E00521D32 /* RefreshView.swift in Sources */,
				2A684FE11EEA413200E14989 /* RefreshViewGifHeaderFooter.swift in Sources */,
				2A5A66AB1EE8EFEB00521D32 /* SYRefreshExampleTests.swift in Sources */,
				2A6850051EEAA2AF00E14989 /* TestVerticalGifCollectionViewController.swift in Sources */,
				2A684FED1EEA821C00E14989 /* TestVerticalCollectionViewController.swift in Sources */,
				2A684FF11EEA8C4A00E14989 /* TestHorizontalCollectionViewController.swift in Sources */,
				2A684FD91EE94B8300E14989 /* AccessoryView.swift in Sources */,
				2A684FD51EE94AFF00E14989 /* TestTableViewController.swift in Sources */,
				2A684FD11EE942AB00E14989 /* RefreshTextHeaderFooter.swift in Sources */,
				2A684FFD1EEAA05400E14989 /* RefreshViewGifTextHeaderFooter.swift in Sources */,
			);
			runOnlyForDeploymentPostprocessing = 0;
		};
		2A5A66AD1EE8EFEB00521D32 /* Sources */ = {
			isa = PBXSourcesBuildPhase;
			buildActionMask = 2147483647;
			files = (
				2A5A66CB1EE8F98500521D32 /* UIScrollViewExtention.swift in Sources */,
				2A6850021EEAA29C00E14989 /* TestHorizontalGifCollectionViewController.swift in Sources */,
				2A684FE61EEA69F500E14989 /* TestVerticalGifTableViewController.swift in Sources */,
				2A1CD7F91EEB794700EA5146 /* TestHorizontalNormalCollectionViewController.swift in Sources */,
				2A1CD7FD1EEB866300EA5146 /* GIFAnimatedImageView.swift in Sources */,
				2A5A66C71EE8F26E00521D32 /* RefreshView.swift in Sources */,
				2A684FE21EEA413200E14989 /* RefreshViewGifHeaderFooter.swift in Sources */,
				2A5A66B61EE8EFEB00521D32 /* SYRefreshExampleUITests.swift in Sources */,
				2A6850061EEAA2AF00E14989 /* TestVerticalGifCollectionViewController.swift in Sources */,
				2A684FEE1EEA821C00E14989 /* TestVerticalCollectionViewController.swift in Sources */,
				2A684FF21EEA8C4A00E14989 /* TestHorizontalCollectionViewController.swift in Sources */,
				2A684FDA1EE94B8300E14989 /* AccessoryView.swift in Sources */,
				2A684FD61EE94AFF00E14989 /* TestTableViewController.swift in Sources */,
				2A684FD21EE942AB00E14989 /* RefreshTextHeaderFooter.swift in Sources */,
				2A684FFE1EEAA05400E14989 /* RefreshViewGifTextHeaderFooter.swift in Sources */,
			);
			runOnlyForDeploymentPostprocessing = 0;
		};
/* End PBXSourcesBuildPhase section */

/* Begin PBXTargetDependency section */
		2A5A66A81EE8EFEB00521D32 /* PBXTargetDependency */ = {
			isa = PBXTargetDependency;
			target = 2A5A66911EE8EFEB00521D32 /* SYRefreshExampleforSwift */;
			targetProxy = 2A5A66A71EE8EFEB00521D32 /* PBXContainerItemProxy */;
		};
		2A5A66B31EE8EFEB00521D32 /* PBXTargetDependency */ = {
			isa = PBXTargetDependency;
			target = 2A5A66911EE8EFEB00521D32 /* SYRefreshExampleforSwift */;
			targetProxy = 2A5A66B21EE8EFEB00521D32 /* PBXContainerItemProxy */;
		};
/* End PBXTargetDependency section */

/* Begin PBXVariantGroup section */
		2A5A66991EE8EFEB00521D32 /* Main.storyboard */ = {
			isa = PBXVariantGroup;
			children = (
				2A5A669A1EE8EFEB00521D32 /* Base */,
			);
			name = Main.storyboard;
			sourceTree = "<group>";
		};
		2A5A669E1EE8EFEB00521D32 /* LaunchScreen.storyboard */ = {
			isa = PBXVariantGroup;
			children = (
				2A5A669F1EE8EFEB00521D32 /* Base */,
			);
			name = LaunchScreen.storyboard;
			sourceTree = "<group>";
		};
/* End PBXVariantGroup section */

/* Begin XCBuildConfiguration section */
		2A5A66B81EE8EFEB00521D32 /* Debug */ = {
			isa = XCBuildConfiguration;
			buildSettings = {
				ALWAYS_SEARCH_USER_PATHS = NO;
				CLANG_ANALYZER_NONNULL = YES;
				CLANG_ANALYZER_NUMBER_OBJECT_CONVERSION = YES_AGGRESSIVE;
				CLANG_CXX_LANGUAGE_STANDARD = "gnu++0x";
				CLANG_CXX_LIBRARY = "libc++";
				CLANG_ENABLE_MODULES = YES;
				CLANG_ENABLE_OBJC_ARC = YES;
				CLANG_WARN_BOOL_CONVERSION = YES;
				CLANG_WARN_CONSTANT_CONVERSION = YES;
				CLANG_WARN_DIRECT_OBJC_ISA_USAGE = YES_ERROR;
				CLANG_WARN_DOCUMENTATION_COMMENTS = YES;
				CLANG_WARN_EMPTY_BODY = YES;
				CLANG_WARN_ENUM_CONVERSION = YES;
				CLANG_WARN_INFINITE_RECURSION = YES;
				CLANG_WARN_INT_CONVERSION = YES;
				CLANG_WARN_OBJC_ROOT_CLASS = YES_ERROR;
				CLANG_WARN_SUSPICIOUS_MOVE = YES;
				CLANG_WARN_UNREACHABLE_CODE = YES;
				CLANG_WARN__DUPLICATE_METHOD_MATCH = YES;
				"CODE_SIGN_IDENTITY[sdk=iphoneos*]" = "iPhone Developer";
				COPY_PHASE_STRIP = NO;
				DEBUG_INFORMATION_FORMAT = dwarf;
				ENABLE_STRICT_OBJC_MSGSEND = YES;
				ENABLE_TESTABILITY = YES;
				GCC_C_LANGUAGE_STANDARD = gnu99;
				GCC_DYNAMIC_NO_PIC = NO;
				GCC_NO_COMMON_BLOCKS = YES;
				GCC_OPTIMIZATION_LEVEL = 0;
				GCC_PREPROCESSOR_DEFINITIONS = (
					"DEBUG=1",
					"$(inherited)",
				);
				GCC_WARN_64_TO_32_BIT_CONVERSION = YES;
				GCC_WARN_ABOUT_RETURN_TYPE = YES_ERROR;
				GCC_WARN_UNDECLARED_SELECTOR = YES;
				GCC_WARN_UNINITIALIZED_AUTOS = YES_AGGRESSIVE;
				GCC_WARN_UNUSED_FUNCTION = YES;
				GCC_WARN_UNUSED_VARIABLE = YES;
				IPHONEOS_DEPLOYMENT_TARGET = 10.3;
				MTL_ENABLE_DEBUG_INFO = YES;
				ONLY_ACTIVE_ARCH = YES;
				SDKROOT = iphoneos;
				SWIFT_ACTIVE_COMPILATION_CONDITIONS = DEBUG;
				SWIFT_OPTIMIZATION_LEVEL = "-Onone";
				TARGETED_DEVICE_FAMILY = "1,2";
			};
			name = Debug;
		};
		2A5A66B91EE8EFEB00521D32 /* Release */ = {
			isa = XCBuildConfiguration;
			buildSettings = {
				ALWAYS_SEARCH_USER_PATHS = NO;
				CLANG_ANALYZER_NONNULL = YES;
				CLANG_ANALYZER_NUMBER_OBJECT_CONVERSION = YES_AGGRESSIVE;
				CLANG_CXX_LANGUAGE_STANDARD = "gnu++0x";
				CLANG_CXX_LIBRARY = "libc++";
				CLANG_ENABLE_MODULES = YES;
				CLANG_ENABLE_OBJC_ARC = YES;
				CLANG_WARN_BOOL_CONVERSION = YES;
				CLANG_WARN_CONSTANT_CONVERSION = YES;
				CLANG_WARN_DIRECT_OBJC_ISA_USAGE = YES_ERROR;
				CLANG_WARN_DOCUMENTATION_COMMENTS = YES;
				CLANG_WARN_EMPTY_BODY = YES;
				CLANG_WARN_ENUM_CONVERSION = YES;
				CLANG_WARN_INFINITE_RECURSION = YES;
				CLANG_WARN_INT_CONVERSION = YES;
				CLANG_WARN_OBJC_ROOT_CLASS = YES_ERROR;
				CLANG_WARN_SUSPICIOUS_MOVE = YES;
				CLANG_WARN_UNREACHABLE_CODE = YES;
				CLANG_WARN__DUPLICATE_METHOD_MATCH = YES;
				"CODE_SIGN_IDENTITY[sdk=iphoneos*]" = "iPhone Developer";
				COPY_PHASE_STRIP = NO;
				DEBUG_INFORMATION_FORMAT = "dwarf-with-dsym";
				ENABLE_NS_ASSERTIONS = NO;
				ENABLE_STRICT_OBJC_MSGSEND = YES;
				GCC_C_LANGUAGE_STANDARD = gnu99;
				GCC_NO_COMMON_BLOCKS = YES;
				GCC_WARN_64_TO_32_BIT_CONVERSION = YES;
				GCC_WARN_ABOUT_RETURN_TYPE = YES_ERROR;
				GCC_WARN_UNDECLARED_SELECTOR = YES;
				GCC_WARN_UNINITIALIZED_AUTOS = YES_AGGRESSIVE;
				GCC_WARN_UNUSED_FUNCTION = YES;
				GCC_WARN_UNUSED_VARIABLE = YES;
				IPHONEOS_DEPLOYMENT_TARGET = 10.3;
				MTL_ENABLE_DEBUG_INFO = NO;
				SDKROOT = iphoneos;
				SWIFT_OPTIMIZATION_LEVEL = "-Owholemodule";
				TARGETED_DEVICE_FAMILY = "1,2";
				VALIDATE_PRODUCT = YES;
			};
			name = Release;
		};
		2A5A66BB1EE8EFEB00521D32 /* Debug */ = {
			isa = XCBuildConfiguration;
			buildSettings = {
				ASSETCATALOG_COMPILER_APPICON_NAME = AppIcon;
				DEVELOPMENT_TEAM = Y7EL5FPP73;
				INFOPLIST_FILE = SYRefreshExample/Info.plist;
				LD_RUNPATH_SEARCH_PATHS = "$(inherited) @executable_path/Frameworks";
				PRODUCT_BUNDLE_IDENTIFIER = com.shusy.SYRefreshExample;
				PRODUCT_NAME = "$(TARGET_NAME)";
				SWIFT_VERSION = 3.0;
			};
			name = Debug;
		};
		2A5A66BC1EE8EFEB00521D32 /* Release */ = {
			isa = XCBuildConfiguration;
			buildSettings = {
				ASSETCATALOG_COMPILER_APPICON_NAME = AppIcon;
				DEVELOPMENT_TEAM = Y7EL5FPP73;
				INFOPLIST_FILE = SYRefreshExample/Info.plist;
				LD_RUNPATH_SEARCH_PATHS = "$(inherited) @executable_path/Frameworks";
				PRODUCT_BUNDLE_IDENTIFIER = com.shusy.SYRefreshExample;
				PRODUCT_NAME = "$(TARGET_NAME)";
				SWIFT_VERSION = 3.0;
			};
			name = Release;
		};
		2A5A66BE1EE8EFEB00521D32 /* Debug */ = {
			isa = XCBuildConfiguration;
			buildSettings = {
				ALWAYS_EMBED_SWIFT_STANDARD_LIBRARIES = YES;
				BUNDLE_LOADER = "$(TEST_HOST)";
				DEVELOPMENT_TEAM = Y7EL5FPP73;
				INFOPLIST_FILE = SYRefreshExampleTests/Info.plist;
				LD_RUNPATH_SEARCH_PATHS = "$(inherited) @executable_path/Frameworks @loader_path/Frameworks";
				PRODUCT_BUNDLE_IDENTIFIER = com.shusy.SYRefreshExampleTests;
				PRODUCT_NAME = "$(TARGET_NAME)";
				SWIFT_VERSION = 3.0;
				TEST_HOST = "$(BUILT_PRODUCTS_DIR)/SYRefreshExampleforSwift.app/SYRefreshExampleforSwift";
			};
			name = Debug;
		};
		2A5A66BF1EE8EFEB00521D32 /* Release */ = {
			isa = XCBuildConfiguration;
			buildSettings = {
				ALWAYS_EMBED_SWIFT_STANDARD_LIBRARIES = YES;
				BUNDLE_LOADER = "$(TEST_HOST)";
				DEVELOPMENT_TEAM = Y7EL5FPP73;
				INFOPLIST_FILE = SYRefreshExampleTests/Info.plist;
				LD_RUNPATH_SEARCH_PATHS = "$(inherited) @executable_path/Frameworks @loader_path/Frameworks";
				PRODUCT_BUNDLE_IDENTIFIER = com.shusy.SYRefreshExampleTests;
				PRODUCT_NAME = "$(TARGET_NAME)";
				SWIFT_VERSION = 3.0;
				TEST_HOST = "$(BUILT_PRODUCTS_DIR)/SYRefreshExampleforSwift.app/SYRefreshExampleforSwift";
			};
			name = Release;
		};
		2A5A66C11EE8EFEB00521D32 /* Debug */ = {
			isa = XCBuildConfiguration;
			buildSettings = {
				ALWAYS_EMBED_SWIFT_STANDARD_LIBRARIES = YES;
				DEVELOPMENT_TEAM = Y7EL5FPP73;
				INFOPLIST_FILE = SYRefreshExampleUITests/Info.plist;
				LD_RUNPATH_SEARCH_PATHS = "$(inherited) @executable_path/Frameworks @loader_path/Frameworks";
				PRODUCT_BUNDLE_IDENTIFIER = com.shusy.SYRefreshExampleUITests;
				PRODUCT_NAME = "$(TARGET_NAME)";
				SWIFT_VERSION = 3.0;
				TEST_TARGET_NAME = SYRefreshExample;
			};
			name = Debug;
		};
		2A5A66C21EE8EFEB00521D32 /* Release */ = {
			isa = XCBuildConfiguration;
			buildSettings = {
				ALWAYS_EMBED_SWIFT_STANDARD_LIBRARIES = YES;
				DEVELOPMENT_TEAM = Y7EL5FPP73;
				INFOPLIST_FILE = SYRefreshExampleUITests/Info.plist;
				LD_RUNPATH_SEARCH_PATHS = "$(inherited) @executable_path/Frameworks @loader_path/Frameworks";
				PRODUCT_BUNDLE_IDENTIFIER = com.shusy.SYRefreshExampleUITests;
				PRODUCT_NAME = "$(TARGET_NAME)";
				SWIFT_VERSION = 3.0;
				TEST_TARGET_NAME = SYRefreshExample;
			};
			name = Release;
		};
/* End XCBuildConfiguration section */

/* Begin XCConfigurationList section */
		2A5A668D1EE8EFEB00521D32 /* Build configuration list for PBXProject "SYRefreshExampleforSwift" */ = {
			isa = XCConfigurationList;
			buildConfigurations = (
				2A5A66B81EE8EFEB00521D32 /* Debug */,
				2A5A66B91EE8EFEB00521D32 /* Release */,
			);
			defaultConfigurationIsVisible = 0;
			defaultConfigurationName = Release;
		};
		2A5A66BA1EE8EFEB00521D32 /* Build configuration list for PBXNativeTarget "SYRefreshExampleforSwift" */ = {
			isa = XCConfigurationList;
			buildConfigurations = (
				2A5A66BB1EE8EFEB00521D32 /* Debug */,
				2A5A66BC1EE8EFEB00521D32 /* Release */,
			);
			defaultConfigurationIsVisible = 0;
			defaultConfigurationName = Release;
		};
		2A5A66BD1EE8EFEB00521D32 /* Build configuration list for PBXNativeTarget "SYRefreshExampleforSwiftTests" */ = {
			isa = XCConfigurationList;
			buildConfigurations = (
				2A5A66BE1EE8EFEB00521D32 /* Debug */,
				2A5A66BF1EE8EFEB00521D32 /* Release */,
			);
			defaultConfigurationIsVisible = 0;
			defaultConfigurationName = Release;
		};
		2A5A66C01EE8EFEB00521D32 /* Build configuration list for PBXNativeTarget "SYRefreshExampleforSwiftUITests" */ = {
			isa = XCConfigurationList;
			buildConfigurations = (
				2A5A66C11EE8EFEB00521D32 /* Debug */,
				2A5A66C21EE8EFEB00521D32 /* Release */,
			);
			defaultConfigurationIsVisible = 0;
			defaultConfigurationName = Release;
		};
/* End XCConfigurationList section */
	};
	rootObject = 2A5A668A1EE8EFEB00521D32 /* Project object */;
}
